version = 1
revision = 3
requires-python = ">=3.12, <3.14"

[options]
exclude-newer = "2026-06-01T02:27:38.972648Z"
exclude-newer-span = "P1W"

[[package]]
name = "basic5000-ruby"
version = "0.1.0"
source = { editable = "." }
dependencies = [
    { name = "pyopenjtalk" },
]

[package.metadata]
requires-dist = [{ name = "pyopenjtalk" }]

[[package]]
name = "colorama"
version = "0.4.6"
source = { registry = "https://pypi.org/simple" }
sdist = { url = "https://files.pythonhosted.org/packages/d8/53/6f443c9a4a8358a93a6792e2acffb9d9d5cb0a5cfd8802644b7b1c9a02e4/colorama-0.4.6.tar.gz", hash = "sha256:08695f5cb7ed6e0531a20572697297273c47b8cae5a63ffc6d6ed5c201be6e44", size = 27697, upload-time = "2022-10-25T02:36:22.414Z" }
wheels = [
    { url = "https://files.pythonhosted.org/packages/d1/d6/3965ed04c63042e047cb6a3e6ed1a63a35087b6a609aa3a15ed8ac56c221/colorama-0.4.6-py2.py3-none-any.whl", hash = "sha256:4f1d9991f5acc0ca119f9d443620b77f9d6b33703e51011c16baf57afb285fc6", size = 25335, upload-time = "2022-10-25T02:36:20.889Z" },
]

[[package]]
name = "numpy"
version = "2.4.6"
source = { registry = "https://pypi.org/simple" }
sdist = { url = "https://files.pythonhosted.org/packages/d0/ad/fed0499ce6a338d2a03ebae59cd15093910c8875328855781952abf6c2fe/numpy-2.4.6.tar.gz", hash = "sha256:f3a3570c4a2a16746ac2c31a7c7c7b0c186b95ce902e33db6f28094ed7387dda", size = 20735807, upload-time = "2026-05-18T23:37:14.07Z" }
wheels = [
    { url = "https://files.pythonhosted.org/packages/95/2a/3d7b5ac8aac24feaf9ad7ed58f45b0bbc06d37e4338ae84c9f2298b570f9/numpy-2.4.6-cp312-cp312-macosx_10_13_x86_64.whl", hash = "sha256:001fbb8e08d942dd57599e781f2472269ee7f2755fae407b4f67b2f0b17da3f1", size = 16689119, upload-time = "2026-05-18T23:33:54.065Z" },
    { url = "https://files.pythonhosted.org/packages/ea/12/92c4c131527599e8288d6918e888d88726f84d805d784b771f32408aeaef/numpy-2.4.6-cp312-cp312-macosx_11_0_arm64.whl", hash = "sha256:ebfb099f8dcf083deef3ac1ca4c1503f387cf76296fcb3816b66f5ecb5f54fdb", size = 14699246, upload-time = "2026-05-18T23:33:57.621Z" },
    { url = "https://files.pythonhosted.org/packages/ad/fe/c0a6b7b2ca128a8fb228575147073b660656734b8ebe4d76c8fd748dcc79/numpy-2.4.6-cp312-cp312-macosx_14_0_arm64.whl", hash = "sha256:3213d622a0283a39a93d188f3cf72b26862df52fbb4ca3697f51705016523d41", size = 5204410, upload-time = "2026-05-18T23:34:00.302Z" },
    { url = "https://files.pythonhosted.org/packages/f3/d4/9770d14ba719432bb90a421bfd443872ed0f70f7264b64bec12ea363d5fd/numpy-2.4.6-cp312-cp312-macosx_14_0_x86_64.whl", hash = "sha256:357cc07a6d7b0b182ff02249616a03742827ebb1277546b5c7cd7f7620a45698", size = 6551240, upload-time = "2026-05-18T23:34:02.852Z" },
    { url = "https://files.pythonhosted.org/packages/c9/c6/50a46a6205feba2343f1d6d17438107c5dc491ed1c736e6ea68689fd906b/numpy-2.4.6-cp312-cp312-manylinux_2_27_aarch64.manylinux_2_28_aarch64.whl", hash = "sha256:5f9fb9157b4ce2971008323afe46053787b526ef624fea915b261468a8421a0f", size = 15671012, upload-time = "2026-05-18T23:34:05.485Z" },
    { url = "https://files.pythonhosted.org/packages/99/60/14115e6364fa676c5397c2ad3004e527e9aa487abf5d0706ec81bbd08529/numpy-2.4.6-cp312-cp312-manylinux_2_27_x86_64.manylinux_2_28_x86_64.whl", hash = "sha256:90f9849678c75fe7afa2d348ac842c168b0a4d3d61919687216dfc547976d853", size = 16645538, upload-time = "2026-05-18T23:34:09.265Z" },
    { url = "https://files.pythonhosted.org/packages/ae/c5/693cbe59e57db94d2231fa519ca3978dc9e19da5a8f088588f5c6e947ff2/numpy-2.4.6-cp312-cp312-musllinux_1_2_aarch64.whl", hash = "sha256:c1a2af6c6ef86344a6b0db6b97834208bf598db514f2b155042439b62605601a", size = 17020706, upload-time = "2026-05-18T23:34:13.053Z" },
    { url = "https://files.pythonhosted.org/packages/ef/fc/85b7c4eff9b4966ade25c2273cf7e7012e92366c032058653934b37de044/numpy-2.4.6-cp312-cp312-musllinux_1_2_x86_64.whl", hash = "sha256:e5805d5a22fd19c8ccff10a9561f9df94436b0545619ea579db2d3c35294bce2", size = 18368541, upload-time = "2026-05-18T23:34:17.024Z" },
    { url = "https://files.pythonhosted.org/packages/f6/81/e1b27545deedce7f4a0b348618c6b62d74e36a4dc9ccd42f3eb2f85eee32/numpy-2.4.6-cp312-cp312-win32.whl", hash = "sha256:e3eeb0aabd6bd5ce64faae67e9935203a6991b4bc2a485a767fbafb2c5125f45", size = 5962825, upload-time = "2026-05-18T23:34:20.3Z" },
    { url = "https://files.pythonhosted.org/packages/ab/ca/feab00bd44aa5fe1ad2c18f08b4d3bb92e26484b0b1d1443897809ed528c/numpy-2.4.6-cp312-cp312-win_amd64.whl", hash = "sha256:d8e8286dd7cea7895157318d1b91cdacac64c479f3cbc8dce548331728484751", size = 12321687, upload-time = "2026-05-18T23:34:23.095Z" },
    { url = "https://files.pythonhosted.org/packages/63/cf/5a6d34850a39d1093558564f77ee8e8e0bee5061151b8f05a55711001ec7/numpy-2.4.6-cp312-cp312-win_arm64.whl", hash = "sha256:4081eb135ac24158bd51cdfbef16f1c64df7063b1143f24731387137c092bec8", size = 10221482, upload-time = "2026-05-18T23:34:25.876Z" },
    { url = "https://files.pythonhosted.org/packages/fb/82/bdab26d7438c6791ca31b7c024ca37c1eab8b726ba236129005cd4a06e45/numpy-2.4.6-cp313-cp313-macosx_10_13_x86_64.whl", hash = "sha256:511dbaf848decaaaf4b4ca48032619fb3138710c4bf7da7617765edad1ef96b0", size = 16684648, upload-time = "2026-05-18T23:34:29.41Z" },
    { url = "https://files.pythonhosted.org/packages/1b/30/a80189bcc7f5e4258b3fbc3968d909d1756f54d023299ecc39ad6fdb9ef8/numpy-2.4.6-cp313-cp313-macosx_11_0_arm64.whl", hash = "sha256:bf162abab1c1a736333192707cef898e735a5ca00f38f27eeedf44b39d9e85eb", size = 14693902, upload-time = "2026-05-18T23:34:33.013Z" },
    { url = "https://files.pythonhosted.org/packages/97/12/70b5d0d7c15e1ebb8a6a84a8caa1d19e181d84fb58bb6d70aca29099dec1/numpy-2.4.6-cp313-cp313-macosx_14_0_arm64.whl", hash = "sha256:043191bfa8eab18c776647b62723ac9dddece59743b13f49b2016094129c2b3f", size = 5198992, upload-time = "2026-05-18T23:34:36.132Z" },
    { url = "https://files.pythonhosted.org/packages/ba/8c/ebd2a8f8a83541f8d38cc5667e8c2b69cecfd30da6e45693e8158857d44b/numpy-2.4.6-cp313-cp313-macosx_14_0_x86_64.whl", hash = "sha256:6180d8b35af935aed8ece3a85e0a43f87393ae0ac87c8d2c8bd2c993f7270ef3", size = 6546944, upload-time = "2026-05-18T23:34:38.484Z" },
    { url = "https://files.pythonhosted.org/packages/bb/c5/7b863a97a91671a0338f4253bd3b5a3d3852f0692dae91711c9f4a10e787/numpy-2.4.6-cp313-cp313-manylinux_2_27_aarch64.manylinux_2_28_aarch64.whl", hash = "sha256:72fbe16c6fac95aedf5937fa873445cec2110be35d8a4e9433d7501fd98dae6b", size = 15669392, upload-time = "2026-05-18T23:34:41.257Z" },
    { url = "https://files.pythonhosted.org/packages/a5/9d/3584b9984ca4c047aea75214ce1a4c4c73d849bd71b604264b7f5653f8a8/numpy-2.4.6-cp313-cp313-manylinux_2_27_x86_64.manylinux_2_28_x86_64.whl", hash = "sha256:a7830bab239b79cda9c08c2da014761cafb48da6150e1da17ac06283f43b6089", size = 16633220, upload-time = "2026-05-18T23:34:45.075Z" },
    { url = "https://files.pythonhosted.org/packages/05/ae/7c67fba23bd98caec7c99261f3a16072ade14813486b0282cb29846de832/numpy-2.4.6-cp313-cp313-musllinux_1_2_aarch64.whl", hash = "sha256:ef4aea96ce4d3b074422cb4f2f64e216bf9e213004bb58ecfdf50ea02ea8eb9a", size = 17020800, upload-time = "2026-05-18T23:34:49.065Z" },
    { url = "https://files.pythonhosted.org/packages/d9/5d/3b6725cb31d983c5e66916f5d36f6d7e5521129e4c4404d64f918292a5b6/numpy-2.4.6-cp313-cp313-musllinux_1_2_x86_64.whl", hash = "sha256:dfa20cc6ca228e6b155b11da03825975ce66aea520985dbbddf0f2a5a495c605", size = 18357600, upload-time = "2026-05-18T23:34:52.709Z" },
    { url = "https://files.pythonhosted.org/packages/f7/da/2ccc6c2fe8898dee01d90c75c5f5f914a23daf99e3e0f59516a08760c8b5/numpy-2.4.6-cp313-cp313-win32.whl", hash = "sha256:56b39e5e0622a09a25bf5baf62f4bcf0cb8a41ae6e2819cf49bbc5a74c083f91", size = 5961134, upload-time = "2026-05-18T23:34:55.618Z" },
    { url = "https://files.pythonhosted.org/packages/b5/cd/9cc4dc876fb065d5c220aae4d5e14826b2715331bb7618ce1fb07a679d99/numpy-2.4.6-cp313-cp313-win_amd64.whl", hash = "sha256:c4fc99836233ea196540b17ab0983aff60ed07941751930f5f4d05bc3b3b7359", size = 12318598, upload-time = "2026-05-18T23:34:58.928Z" },
    { url = "https://files.pythonhosted.org/packages/39/1e/c0bcba1f8694116485fe28fd1be698c278fcda4141c5b0e53a2aed8b12a8/numpy-2.4.6-cp313-cp313-win_arm64.whl", hash = "sha256:a7c711e21628b52034bb5ab8d1bce291f752fcc5e92accc615778acee1ff4778", size = 10222272, upload-time = "2026-05-18T23:35:02.167Z" },
    { url = "https://files.pythonhosted.org/packages/63/6d/cc5619247c8f4204e507f5883528372e4ac4bb189e579fb859a12e480b1f/numpy-2.4.6-cp313-cp313t-macosx_11_0_arm64.whl", hash = "sha256:112b06a867b235ef466ed3508ddf0238050df9c727cafb5301ac385b899189a1", size = 14821197, upload-time = "2026-05-18T23:35:05.468Z" },
    { url = "https://files.pythonhosted.org/packages/00/58/f1c39161c87d9e9bed660f1ed4bafc0e403d5ec9650b6dd77aead07d489b/numpy-2.4.6-cp313-cp313t-macosx_14_0_arm64.whl", hash = "sha256:eaf7fa2de5c0be8ae6ff8e9bea2ccd725e980541244521d8d4b5f3354a27babe", size = 5326287, upload-time = "2026-05-18T23:35:08.693Z" },
    { url = "https://files.pythonhosted.org/packages/af/57/3917ab0fd97f271a8694513581b8a36c655f111c446852c302f04ccdb6fc/numpy-2.4.6-cp313-cp313t-macosx_14_0_x86_64.whl", hash = "sha256:7265a2f3d436e54ef9f2b52b5c937e6be778781bd97a590319d7348f1c1ca997", size = 6646763, upload-time = "2026-05-18T23:35:11.459Z" },
    { url = "https://files.pythonhosted.org/packages/eb/0f/037e64c494b67581ae18193d770adef354c41f3f2c8ebf865602d949bf8f/numpy-2.4.6-cp313-cp313t-manylinux_2_27_aarch64.manylinux_2_28_aarch64.whl", hash = "sha256:f74a575920ab21fe304421a3fc28793d82e299cae9eccb37084e9fc7f3617c20", size = 15728070, upload-time = "2026-05-18T23:35:14.79Z" },
    { url = "https://files.pythonhosted.org/packages/21/a6/5d2bae9c9542eb4df16dc9c46dc79c186e9bad53805dfa5399a6023c6db0/numpy-2.4.6-cp313-cp313t-manylinux_2_27_x86_64.manylinux_2_28_x86_64.whl", hash = "sha256:ede83e07a75dd06bc501566c1eca2afc0d61677c1472ac9ad93fdee6e638a48d", size = 16681752, upload-time = "2026-05-18T23:35:18.836Z" },
    { url = "https://files.pythonhosted.org/packages/92/14/23d1dfb410ae362cd59ce53e936b1513d545eb40db3949ced632e19a459e/numpy-2.4.6-cp313-cp313t-musllinux_1_2_aarch64.whl", hash = "sha256:68bb27509ac1b9a3443094260f6326150663b06abe40b73a2f81160623da5b67", size = 17086024, upload-time = "2026-05-18T23:35:22.52Z" },
    { url = "https://files.pythonhosted.org/packages/4b/6e/23595a2c642cdf3bc567877064bdd7f91c8b0038a4453cf2daf7248eafe9/numpy-2.4.6-cp313-cp313t-musllinux_1_2_x86_64.whl", hash = "sha256:a0df0043bdb289bde1f62da130d20df23d58b45429f752bc7a8fc5325a225ecd", size = 18403398, upload-time = "2026-05-18T23:35:26.398Z" },
    { url = "https://files.pythonhosted.org/packages/8a/90/0ac3bc947217e66dec77e7cbc6a1979d1af70b6461b82f620d3bccd5e4c8/numpy-2.4.6-cp313-cp313t-win32.whl", hash = "sha256:29a287e0cf63ff528da061de6b9f64a4618da591ca1046aafc54062e40ca7eab", size = 6084971, upload-time = "2026-05-18T23:35:29.387Z" },
    { url = "https://files.pythonhosted.org/packages/77/71/5673e351671a1d2bd6063b91b44f70c0affea7d1516fa7a6572941ba4aa1/numpy-2.4.6-cp313-cp313t-win_amd64.whl", hash = "sha256:25c692919ac5a01f170a3bfcd62d745b24fd095c353d50812637d6fcab442e75", size = 12458532, upload-time = "2026-05-18T23:35:32.175Z" },
    { url = "https://files.pythonhosted.org/packages/3f/88/19d3503c5046e688f049274b27a3ef3d771152fa80d3ba3d01a3dff61abe/numpy-2.4.6-cp313-cp313t-win_arm64.whl", hash = "sha256:1e978ec1e8bd0e0e4de6bb75de9d30cbb74db6b6a2bb727618613703ca0167dd", size = 10291881, upload-time = "2026-05-18T23:35:35.465Z" },
]

[[package]]
name = "pyopenjtalk"
version = "0.4.1"
source = { registry = "https://pypi.org/simple" }
dependencies = [
    { name = "numpy" },
    { name = "tqdm" },
]
sdist = { url = "https://files.pythonhosted.org/packages/58/74/ccd31c696f047ba381f9b11a504bf1199756c3f30f3de64e3eeb83e10b4a/pyopenjtalk-0.4.1.tar.gz", hash = "sha256:d5ada46f7fc2b52c1c79c273eb9668ff6ad7ab276a8db9d8be119ef93440f0dc", size = 1397999, upload-time = "2025-04-08T06:27:46.528Z" }

[[package]]
name = "tqdm"
version = "4.67.3"
source = { registry = "https://pypi.org/simple" }
dependencies = [
    { name = "colorama", marker = "sys_platform == 'win32'" },
]
sdist = { url = "https://files.pythonhosted.org/packages/09/a9/6ba95a270c6f1fbcd8dac228323f2777d886cb206987444e4bce66338dd4/tqdm-4.67.3.tar.gz", hash = "sha256:7d825f03f89244ef73f1d4ce193cb1774a8179fd96f31d7e1dcde62092b960bb", size = 169598, upload-time = "2026-02-03T17:35:53.048Z" }
wheels = [
    { url = "https://files.pythonhosted.org/packages/16/e1/3079a9ff9b8e11b846c6ac5c8b5bfb7ff225eee721825310c91b3b50304f/tqdm-4.67.3-py3-none-any.whl", hash = "sha256:ee1e4c0e59148062281c49d80b25b67771a127c85fc9676d3be5f243206826bf", size = 78374, upload-time = "2026-02-03T17:35:50.982Z" },
]
